# This file is automatically @generated by Cargo.
# It is not intended for manual editing.
version = 4

[[package]]
name = "debugger-fixture"
version = "0.0.0"
dependencies = [
 "pinocchio",
 "solana-program-error",
]

[[package]]
name = "pinocchio"
version = "0.11.1"
source = "registry+https://github.com/rust-lang/crates.io-index"
checksum = "d707cea2843c1a2fd8ec49e4116ce3fdaedcd552a3ee168b03ce60e627fc0f62"
dependencies = [
 "solana-account-view",
 "solana-address",
 "solana-define-syscall",
 "solana-program-error",
]

[[package]]
name = "solana-account-view"
version = "2.0.0"
source = "registry+https://github.com/rust-lang/crates.io-index"
checksum = "fc141b940560430425ebaadb7645496c45f6a10fad9911d719bd03eab7f4d422"
dependencies = [
 "solana-address",
 "solana-program-error",
]

[[package]]
name = "solana-address"
version = "2.6.0"
source = "registry+https://github.com/rust-lang/crates.io-index"
checksum = "f1384b52c435a750cc9c538760fc7bb472fd78e65a9900a2d07312c5bb335b72"
dependencies = [
 "solana-define-syscall",
 "solana-program-error",
]

[[package]]
name = "solana-define-syscall"
version = "5.1.0"
source = "registry+https://github.com/rust-lang/crates.io-index"
checksum = "21e14a4f604117f379840956a8fc8695e4c84f5b0ebed192f31f60d9b85d581d"

[[package]]
name = "solana-program-error"
version = "3.0.1"
source = "registry+https://github.com/rust-lang/crates.io-index"
checksum = "4f04fa578707b3612b095f0c8e19b66a1233f7c42ca8082fcb3b745afcc0add6"
